// !$*UTF8*$!
{
	archiveVersion = 1;
	classes = {
	};
	objectVersion = 55;
	objects = {

/* Begin PBXBuildFile section */
		F1FD6956275F711000536406 /* AppDelegate.swift in Sources */ = {isa = PBXBuildFile; fileRef = F1FD6955275F711000536406 /* AppDelegate.swift */; };
		F1FD695A275F711100536406 /* HomeViewController.swift in Sources */ = {isa = PBXBuildFile; fileRef = F1FD6959275F711100536406 /* HomeViewController.swift */; };
		F1FD695D275F711100536406 /* Main.storyboard in Resources */ = {isa = PBXBuildFile; fileRef = F1FD695B275F711100536406 /* Main.storyboard */; };
		F1FD695F275F711200536406 /* Assets.xcassets in Resources */ = {isa = PBXBuildFile; fileRef = F1FD695E275F711200536406 /* Assets.xcassets */; };
		F1FD6962275F711200536406 /* LaunchScreen.storyboard in Resources */ = {isa = PBXBuildFile; fileRef = F1FD6960275F711200536406 /* LaunchScreen.storyboard */; };
		F1FD696D275F711200536406 /* LoginTests.swift in Sources */ = {isa = PBXBuildFile; fileRef = F1FD696C275F711200536406 /* LoginTests.swift */; };
		F1FD6977275F711200536406 /* LoginUITests.swift in Sources */ = {isa = PBXBuildFile; fileRef = F1FD6976275F711200536406 /* LoginUITests.swift */; };
		F1FD6986275F743C00536406 /* Login.storyboard in Resources */ = {isa = PBXBuildFile; fileRef = F1FD6985275F743C00536406 /* Login.storyboard */; };
		F1FD698A275F747B00536406 /* LoginViewController.swift in Sources */ = {isa = PBXBuildFile; fileRef = F1FD6989275F747B00536406 /* LoginViewController.swift */; };
		F1FD698F275FFB7D00536406 /* ApiService.swift in Sources */ = {isa = PBXBuildFile; fileRef = F1FD698E275FFB7D00536406 /* ApiService.swift */; };
		F1FD6991275FFBC600536406 /* Request.swift in Sources */ = {isa = PBXBuildFile; fileRef = F1FD6990275FFBC600536406 /* Request.swift */; };
		F1FD6993275FFCA100536406 /* LoginViewModel.swift in Sources */ = {isa = PBXBuildFile; fileRef = F1FD6992275FFCA100536406 /* LoginViewModel.swift */; };
		F1FD6995275FFCF400536406 /* LoginModel.swift in Sources */ = {isa = PBXBuildFile; fileRef = F1FD6994275FFCF400536406 /* LoginModel.swift */; };
/* End PBXBuildFile section */

/* Begin PBXContainerItemProxy section */
		F1FD6969275F711200536406 /* PBXContainerItemProxy */ = {
			isa = PBXContainerItemProxy;
			containerPortal = F1FD694A275F711000536406 /* Project object */;
			proxyType = 1;
			remoteGlobalIDString = F1FD6951275F711000536406;
			remoteInfo = Login;
		};
		F1FD6973275F711200536406 /* PBXContainerItemProxy */ = {
			isa = PBXContainerItemProxy;
			containerPortal = F1FD694A275F711000536406 /* Project object */;
			proxyType = 1;
			remoteGlobalIDString = F1FD6951275F711000536406;
			remoteInfo = Login;
		};
/* End PBXContainerItemProxy section */

/* Begin PBXFileReference section */
		F1FD6952275F711000536406 /* Login.app */ = {isa = PBXFileReference; explicitFileType = wrapper.application; includeInIndex = 0; path = Login.app; sourceTree = BUILT_PRODUCTS_DIR; };
		F1FD6955275F711000536406 /* AppDelegate.swift */ = {isa = PBXFileReference; lastKnownFileType = sourcecode.swift; path = AppDelegate.swift; sourceTree = "<group>"; };
		F1FD6959275F711100536406 /* HomeViewController.swift */ = {isa = PBXFileReference; lastKnownFileType = sourcecode.swift; path = HomeViewController.swift; sourceTree = "<group>"; };
		F1FD695C275F711100536406 /* Base */ = {isa = PBXFileReference; lastKnownFileType = file.storyboard; name = Base; path = Base.lproj/Main.storyboard; sourceTree = "<group>"; };
		F1FD695E275F711200536406 /* Assets.xcassets */ = {isa = PBXFileReference; lastKnownFileType = folder.assetcatalog; path = Assets.xcassets; sourceTree = "<group>"; };
		F1FD6961275F711200536406 /* Base */ = {isa = PBXFileReference; lastKnownFileType = file.storyboard; name = Base; path = Base.lproj/LaunchScreen.storyboard; sourceTree = "<group>"; };
		F1FD6963275F711200536406 /* Info.plist */ = {isa = PBXFileReference; lastKnownFileType = text.plist.xml; path = Info.plist; sourceTree = "<group>"; };
		F1FD6968275F711200536406 /* LoginTests.xctest */ = {isa = PBXFileReference; explicitFileType = wrapper.cfbundle; includeInIndex = 0; path = LoginTests.xctest; sourceTree = BUILT_PRODUCTS_DIR; };
		F1FD696C275F711200536406 /* LoginTests.swift */ = {isa = PBXFileReference; lastKnownFileType = sourcecode.swift; path = LoginTests.swift; sourceTree = "<group>"; };
		F1FD6972275F711200536406 /* LoginUITests.xctest */ = {isa = PBXFileReference; explicitFileType = wrapper.cfbundle; includeInIndex = 0; path = LoginUITests.xctest; sourceTree = BUILT_PRODUCTS_DIR; };
		F1FD6976275F711200536406 /* LoginUITests.swift */ = {isa = PBXFileReference; lastKnownFileType = sourcecode.swift; path = LoginUITests.swift; sourceTree = "<group>"; };
		F1FD6985275F743C00536406 /* Login.storyboard */ = {isa = PBXFileReference; lastKnownFileType = file.storyboard; path = Login.storyboard; sourceTree = "<group>"; };
		F1FD6989275F747B00536406 /* LoginViewController.swift */ = {isa = PBXFileReference; lastKnownFileType = sourcecode.swift; path = LoginViewController.swift; sourceTree = "<group>"; };
		F1FD698E275FFB7D00536406 /* ApiService.swift */ = {isa = PBXFileReference; lastKnownFileType = sourcecode.swift; path = ApiService.swift; sourceTree = "<group>"; };
		F1FD6990275FFBC600536406 /* Request.swift */ = {isa = PBXFileReference; lastKnownFileType = sourcecode.swift; path = Request.swift; sourceTree = "<group>"; };
		F1FD6992275FFCA100536406 /* LoginViewModel.swift */ = {isa = PBXFileReference; lastKnownFileType = sourcecode.swift; path = LoginViewModel.swift; sourceTree = "<group>"; };
		F1FD6994275FFCF400536406 /* LoginModel.swift */ = {isa = PBXFileReference; lastKnownFileType = sourcecode.swift; path = LoginModel.swift; sourceTree = "<group>"; };
/* End PBXFileReference section */

/* Begin PBXFrameworksBuildPhase section */
		F1FD694F275F711000536406 /* Frameworks */ = {
			isa = PBXFrameworksBuildPhase;
			buildActionMask = 2147483647;
			files = (
			);
			runOnlyForDeploymentPostprocessing = 0;
		};
		F1FD6965275F711200536406 /* Frameworks */ = {
			isa = PBXFrameworksBuildPhase;
			buildActionMask = 2147483647;
			files = (
			);
			runOnlyForDeploymentPostprocessing = 0;
		};
		F1FD696F275F711200536406 /* Frameworks */ = {
			isa = PBXFrameworksBuildPhase;
			buildActionMask = 2147483647;
			files = (
			);
			runOnlyForDeploymentPostprocessing = 0;
		};
/* End PBXFrameworksBuildPhase section */

/* Begin PBXGroup section */
		F1FD6949275F711000536406 = {
			isa = PBXGroup;
			children = (
				F1FD6954275F711000536406 /* Login */,
				F1FD696B275F711200536406 /* LoginTests */,
				F1FD6975275F711200536406 /* LoginUITests */,
				F1FD6953275F711000536406 /* Products */,
			);
			sourceTree = "<group>";
		};
		F1FD6953275F711000536406 /* Products */ = {
			isa = PBXGroup;
			children = (
				F1FD6952275F711000536406 /* Login.app */,
				F1FD6968275F711200536406 /* LoginTests.xctest */,
				F1FD6972275F711200536406 /* LoginUITests.xctest */,
			);
			name = Products;
			sourceTree = "<group>";
		};
		F1FD6954275F711000536406 /* Login */ = {
			isa = PBXGroup;
			children = (
				F1FD6955275F711000536406 /* AppDelegate.swift */,
				F1FD6959275F711100536406 /* HomeViewController.swift */,
				F1FD695B275F711100536406 /* Main.storyboard */,
				F1FD698D275FFB6D00536406 /* ApiService */,
				F1FD6987275F746700536406 /* Login */,
				F1FD695E275F711200536406 /* Assets.xcassets */,
				F1FD6960275F711200536406 /* LaunchScreen.storyboard */,
				F1FD6963275F711200536406 /* Info.plist */,
			);
			path = Login;
			sourceTree = "<group>";
		};
		F1FD696B275F711200536406 /* LoginTests */ = {
			isa = PBXGroup;
			children = (
				F1FD696C275F711200536406 /* LoginTests.swift */,
			);
			path = LoginTests;
			sourceTree = "<group>";
		};
		F1FD6975275F711200536406 /* LoginUITests */ = {
			isa = PBXGroup;
			children = (
				F1FD6976275F711200536406 /* LoginUITests.swift */,
			);
			path = LoginUITests;
			sourceTree = "<group>";
		};
		F1FD6987275F746700536406 /* Login */ = {
			isa = PBXGroup;
			children = (
				F1FD6985275F743C00536406 /* Login.storyboard */,
				F1FD698C275F775800536406 /* Model */,
				F1FD698B275F775500536406 /* ViewModel */,
				F1FD6988275F747200536406 /* View */,
			);
			path = Login;
			sourceTree = "<group>";
		};
		F1FD6988275F747200536406 /* View */ = {
			isa = PBXGroup;
			children = (
				F1FD6989275F747B00536406 /* LoginViewController.swift */,
				F1FD6992275FFCA100536406 /* LoginViewModel.swift */,
				F1FD6994275FFCF400536406 /* LoginModel.swift */,
			);
			path = View;
			sourceTree = "<group>";
		};
		F1FD698B275F775500536406 /* ViewModel */ = {
			isa = PBXGroup;
			children = (
			);
			path = ViewModel;
			sourceTree = "<group>";
		};
		F1FD698C275F775800536406 /* Model */ = {
			isa = PBXGroup;
			children = (
			);
			path = Model;
			sourceTree = "<group>";
		};
		F1FD698D275FFB6D00536406 /* ApiService */ = {
			isa = PBXGroup;
			children = (
				F1FD698E275FFB7D00536406 /* ApiService.swift */,
				F1FD6990275FFBC600536406 /* Request.swift */,
			);
			path = ApiService;
			sourceTree = "<group>";
		};
/* End PBXGroup section */

/* Begin PBXNativeTarget section */
		F1FD6951275F711000536406 /* Login */ = {
			isa = PBXNativeTarget;
			buildConfigurationList = F1FD697C275F711200536406 /* Build configuration list for PBXNativeTarget "Login" */;
			buildPhases = (
				F1FD694E275F711000536406 /* Sources */,
				F1FD694F275F711000536406 /* Frameworks */,
				F1FD6950275F711000536406 /* Resources */,
			);
			buildRules = (
			);
			dependencies = (
			);
			name = Login;
			productName = Login;
			productReference = F1FD6952275F711000536406 /* Login.app */;
			productType = "com.apple.product-type.application";
		};
		F1FD6967275F711200536406 /* LoginTests */ = {
			isa = PBXNativeTarget;
			buildConfigurationList = F1FD697F275F711200536406 /* Build configuration list for PBXNativeTarget "LoginTests" */;
			buildPhases = (
				F1FD6964275F711200536406 /* Sources */,
				F1FD6965275F711200536406 /* Frameworks */,
				F1FD6966275F711200536406 /* Resources */,
			);
			buildRules = (
			);
			dependencies = (
				F1FD696A275F711200536406 /* PBXTargetDependency */,
			);
			name = LoginTests;
			productName = LoginTests;
			productReference = F1FD6968275F711200536406 /* LoginTests.xctest */;
			productType = "com.apple.product-type.bundle.unit-test";
		};
		F1FD6971275F711200536406 /* LoginUITests */ = {
			isa = PBXNativeTarget;
			buildConfigurationList = F1FD6982275F711200536406 /* Build configuration list for PBXNativeTarget "LoginUITests" */;
			buildPhases = (
				F1FD696E275F711200536406 /* Sources */,
				F1FD696F275F711200536406 /* Frameworks */,
				F1FD6970275F711200536406 /* Resources */,
			);
			buildRules = (
			);
			dependencies = (
				F1FD6974275F711200536406 /* PBXTargetDependency */,
			);
			name = LoginUITests;
			productName = LoginUITests;
			productReference = F1FD6972275F711200536406 /* LoginUITests.xctest */;
			productType = "com.apple.product-type.bundle.ui-testing";
		};
/* End PBXNativeTarget section */

/* Begin PBXProject section */
		F1FD694A275F711000536406 /* Project object */ = {
			isa = PBXProject;
			attributes = {
				BuildIndependentTargetsInParallel = 1;
				LastSwiftUpdateCheck = 1310;
				LastUpgradeCheck = 1310;
				TargetAttributes = {
					F1FD6951275F711000536406 = {
						CreatedOnToolsVersion = 13.1;
					};
					F1FD6967275F711200536406 = {
						CreatedOnToolsVersion = 13.1;
						TestTargetID = F1FD6951275F711000536406;
					};
					F1FD6971275F711200536406 = {
						CreatedOnToolsVersion = 13.1;
						TestTargetID = F1FD6951275F711000536406;
					};
				};
			};
			buildConfigurationList = F1FD694D275F711000536406 /* Build configuration list for PBXProject "Login" */;
			compatibilityVersion = "Xcode 13.0";
			developmentRegion = en;
			hasScannedForEncodings = 0;
			knownRegions = (
				en,
				Base,
			);
			mainGroup = F1FD6949275F711000536406;
			productRefGroup = F1FD6953275F711000536406 /* Products */;
			projectDirPath = "";
			projectRoot = "";
			targets = (
				F1FD6951275F711000536406 /* Login */,
				F1FD6967275F711200536406 /* LoginTests */,
				F1FD6971275F711200536406 /* LoginUITests */,
			);
		};
/* End PBXProject section */

/* Begin PBXResourcesBuildPhase section */
		F1FD6950275F711000536406 /* Resources */ = {
			isa = PBXResourcesBuildPhase;
			buildActionMask = 2147483647;
			files = (
				F1FD6986275F743C00536406 /* Login.storyboard in Resources */,
				F1FD6962275F711200536406 /* LaunchScreen.storyboard in Resources */,
				F1FD695F275F711200536406 /* Assets.xcassets in Resources */,
				F1FD695D275F711100536406 /* Main.storyboard in Resources */,
			);
			runOnlyForDeploymentPostprocessing = 0;
		};
		F1FD6966275F711200536406 /* Resources */ = {
			isa = PBXResourcesBuildPhase;
			buildActionMask = 2147483647;
			files = (
			);
			runOnlyForDeploymentPostprocessing = 0;
		};
		F1FD6970275F711200536406 /* Resources */ = {
			isa = PBXResourcesBuildPhase;
			buildActionMask = 2147483647;
			files = (
			);
			runOnlyForDeploymentPostprocessing = 0;
		};
/* End PBXResourcesBuildPhase section */

/* Begin PBXSourcesBuildPhase section */
		F1FD694E275F711000536406 /* Sources */ = {
			isa = PBXSourcesBuildPhase;
			buildActionMask = 2147483647;
			files = (
				F1FD698A275F747B00536406 /* LoginViewController.swift in Sources */,
				F1FD6995275FFCF400536406 /* LoginModel.swift in Sources */,
				F1FD695A275F711100536406 /* HomeViewController.swift in Sources */,
				F1FD6993275FFCA100536406 /* LoginViewModel.swift in Sources */,
				F1FD6991275FFBC600536406 /* Request.swift in Sources */,
				F1FD698F275FFB7D00536406 /* ApiService.swift in Sources */,
				F1FD6956275F711000536406 /* AppDelegate.swift in Sources */,
			);
			runOnlyForDeploymentPostprocessing = 0;
		};
		F1FD6964275F711200536406 /* Sources */ = {
			isa = PBXSourcesBuildPhase;
			buildActionMask = 2147483647;
			files = (
				F1FD696D275F711200536406 /* LoginTests.swift in Sources */,
			);
			runOnlyForDeploymentPostprocessing = 0;
		};
		F1FD696E275F711200536406 /* Sources */ = {
			isa = PBXSourcesBuildPhase;
			buildActionMask = 2147483647;
			files = (
				F1FD6977275F711200536406 /* LoginUITests.swift in Sources */,
			);
			runOnlyForDeploymentPostprocessing = 0;
		};
/* End PBXSourcesBuildPhase section */

/* Begin PBXTargetDependency section */
		F1FD696A275F711200536406 /* PBXTargetDependency */ = {
			isa = PBXTargetDependency;
			target = F1FD6951275F711000536406 /* Login */;
			targetProxy = F1FD6969275F711200536406 /* PBXContainerItemProxy */;
		};
		F1FD6974275F711200536406 /* PBXTargetDependency */ = {
			isa = PBXTargetDependency;
			target = F1FD6951275F711000536406 /* Login */;
			targetProxy = F1FD6973275F711200536406 /* PBXContainerItemProxy */;
		};
/* End PBXTargetDependency section */

/* Begin PBXVariantGroup section */
		F1FD695B275F711100536406 /* Main.storyboard */ = {
			isa = PBXVariantGroup;
			children = (
				F1FD695C275F711100536406 /* Base */,
			);
			name = Main.storyboard;
			sourceTree = "<group>";
		};
		F1FD6960275F711200536406 /* LaunchScreen.storyboard */ = {
			isa = PBXVariantGroup;
			children = (
				F1FD6961275F711200536406 /* Base */,
			);
			name = LaunchScreen.storyboard;
			sourceTree = "<group>";
		};
/* End PBXVariantGroup section */

/* Begin XCBuildConfiguration section */
		F1FD697A275F711200536406 /* Debug */ = {
			isa = XCBuildConfiguration;
			buildSettings = {
				ALWAYS_SEARCH_USER_PATHS = NO;
				CLANG_ANALYZER_NONNULL = YES;
				CLANG_ANALYZER_NUMBER_OBJECT_CONVERSION = YES_AGGRESSIVE;
				CLANG_CXX_LANGUAGE_STANDARD = "gnu++17";
				CLANG_CXX_LIBRARY = "libc++";
				CLANG_ENABLE_MODULES = YES;
				CLANG_ENABLE_OBJC_ARC = YES;
				CLANG_ENABLE_OBJC_WEAK = YES;
				CLANG_WARN_BLOCK_CAPTURE_AUTORELEASING = YES;
				CLANG_WARN_BOOL_CONVERSION = YES;
				CLANG_WARN_COMMA = YES;
				CLANG_WARN_CONSTANT_CONVERSION = YES;
				CLANG_WARN_DEPRECATED_OBJC_IMPLEMENTATIONS = YES;
				CLANG_WARN_DIRECT_OBJC_ISA_USAGE = YES_ERROR;
				CLANG_WARN_DOCUMENTATION_COMMENTS = YES;
				CLANG_WARN_EMPTY_BODY = YES;
				CLANG_WARN_ENUM_CONVERSION = YES;
				CLANG_WARN_INFINITE_RECURSION = YES;
				CLANG_WARN_INT_CONVERSION = YES;
				CLANG_WARN_NON_LITERAL_NULL_CONVERSION = YES;
				CLANG_WARN_OBJC_IMPLICIT_RETAIN_SELF = YES;
				CLANG_WARN_OBJC_LITERAL_CONVERSION = YES;
				CLANG_WARN_OBJC_ROOT_CLASS = YES_ERROR;
				CLANG_WARN_QUOTED_INCLUDE_IN_FRAMEWORK_HEADER = YES;
				CLANG_WARN_RANGE_LOOP_ANALYSIS = YES;
				CLANG_WARN_STRICT_PROTOTYPES = YES;
				CLANG_WARN_SUSPICIOUS_MOVE = YES;
				CLANG_WARN_UNGUARDED_AVAILABILITY = YES_AGGRESSIVE;
				CLANG_WARN_UNREACHABLE_CODE = YES;
				CLANG_WARN__DUPLICATE_METHOD_MATCH = YES;
				COPY_PHASE_STRIP = NO;
				DEBUG_INFORMATION_FORMAT = dwarf;
				ENABLE_STRICT_OBJC_MSGSEND = YES;
				ENABLE_TESTABILITY = YES;
				GCC_C_LANGUAGE_STANDARD = gnu11;
				GCC_DYNAMIC_NO_PIC = NO;
				GCC_NO_COMMON_BLOCKS = YES;
				GCC_OPTIMIZATION_LEVEL = 0;
				GCC_PREPROCESSOR_DEFINITIONS = (
					"DEBUG=1",
					"$(inherited)",
				);
				GCC_WARN_64_TO_32_BIT_CONVERSION = YES;
				GCC_WARN_ABOUT_RETURN_TYPE = YES_ERROR;
				GCC_WARN_UNDECLARED_SELECTOR = YES;
				GCC_WARN_UNINITIALIZED_AUTOS = YES_AGGRESSIVE;
				GCC_WARN_UNUSED_FUNCTION = YES;
				GCC_WARN_UNUSED_VARIABLE = YES;
				IPHONEOS_DEPLOYMENT_TARGET = 15.0;
				MTL_ENABLE_DEBUG_INFO = INCLUDE_SOURCE;
				MTL_FAST_MATH = YES;
				ONLY_ACTIVE_ARCH = YES;
				SDKROOT = iphoneos;
				SWIFT_ACTIVE_COMPILATION_CONDITIONS = DEBUG;
				SWIFT_OPTIMIZATION_LEVEL = "-Onone";
			};
			name = Debug;
		};
		F1FD697B275F711200536406 /* Release */ = {
			isa = XCBuildConfiguration;
			buildSettings = {
				ALWAYS_SEARCH_USER_PATHS = NO;
				CLANG_ANALYZER_NONNULL = YES;
				CLANG_ANALYZER_NUMBER_OBJECT_CONVERSION = YES_AGGRESSIVE;
				CLANG_CXX_LANGUAGE_STANDARD = "gnu++17";
				CLANG_CXX_LIBRARY = "libc++";
				CLANG_ENABLE_MODULES = YES;
				CLANG_ENABLE_OBJC_ARC = YES;
				CLANG_ENABLE_OBJC_WEAK = YES;
				CLANG_WARN_BLOCK_CAPTURE_AUTORELEASING = YES;
				CLANG_WARN_BOOL_CONVERSION = YES;
				CLANG_WARN_COMMA = YES;
				CLANG_WARN_CONSTANT_CONVERSION = YES;
				CLANG_WARN_DEPRECATED_OBJC_IMPLEMENTATIONS = YES;
				CLANG_WARN_DIRECT_OBJC_ISA_USAGE = YES_ERROR;
				CLANG_WARN_DOCUMENTATION_COMMENTS = YES;
				CLANG_WARN_EMPTY_BODY = YES;
				CLANG_WARN_ENUM_CONVERSION = YES;
				CLANG_WARN_INFINITE_RECURSION = YES;
				CLANG_WARN_INT_CONVERSION = YES;
				CLANG_WARN_NON_LITERAL_NULL_CONVERSION = YES;
				CLANG_WARN_OBJC_IMPLICIT_RETAIN_SELF = YES;
				CLANG_WARN_OBJC_LITERAL_CONVERSION = YES;
				CLANG_WARN_OBJC_ROOT_CLASS = YES_ERROR;
				CLANG_WARN_QUOTED_INCLUDE_IN_FRAMEWORK_HEADER = YES;
				CLANG_WARN_RANGE_LOOP_ANALYSIS = YES;
				CLANG_WARN_STRICT_PROTOTYPES = YES;
				CLANG_WARN_SUSPICIOUS_MOVE = YES;
				CLANG_WARN_UNGUARDED_AVAILABILITY = YES_AGGRESSIVE;
				CLANG_WARN_UNREACHABLE_CODE = YES;
				CLANG_WARN__DUPLICATE_METHOD_MATCH = YES;
				COPY_PHASE_STRIP = NO;
				DEBUG_INFORMATION_FORMAT = "dwarf-with-dsym";
				ENABLE_NS_ASSERTIONS = NO;
				ENABLE_STRICT_OBJC_MSGSEND = YES;
				GCC_C_LANGUAGE_STANDARD = gnu11;
				GCC_NO_COMMON_BLOCKS = YES;
				GCC_WARN_64_TO_32_BIT_CONVERSION = YES;
				GCC_WARN_ABOUT_RETURN_TYPE = YES_ERROR;
				GCC_WARN_UNDECLARED_SELECTOR = YES;
				GCC_WARN_UNINITIALIZED_AUTOS = YES_AGGRESSIVE;
				GCC_WARN_UNUSED_FUNCTION = YES;
				GCC_WARN_UNUSED_VARIABLE = YES;
				IPHONEOS_DEPLOYMENT_TARGET = 15.0;
				MTL_ENABLE_DEBUG_INFO = NO;
				MTL_FAST_MATH = YES;
				SDKROOT = iphoneos;
				SWIFT_COMPILATION_MODE = wholemodule;
				SWIFT_OPTIMIZATION_LEVEL = "-O";
				VALIDATE_PRODUCT = YES;
			};
			name = Release;
		};
		F1FD697D275F711200536406 /* Debug */ = {
			isa = XCBuildConfiguration;
			buildSettings = {
				ASSETCATALOG_COMPILER_APPICON_NAME = AppIcon;
				ASSETCATALOG_COMPILER_GLOBAL_ACCENT_COLOR_NAME = AccentColor;
				CODE_SIGN_STYLE = Automatic;
				CURRENT_PROJECT_VERSION = 1;
				DEVELOPMENT_TEAM = S2BEC8V882;
				GENERATE_INFOPLIST_FILE = YES;
				INFOPLIST_FILE = Login/Info.plist;
				INFOPLIST_KEY_UIApplicationSupportsIndirectInputEvents = YES;
				INFOPLIST_KEY_UILaunchStoryboardName = LaunchScreen;
				INFOPLIST_KEY_UIMainStoryboardFile = Main;
				INFOPLIST_KEY_UISupportedInterfaceOrientations_iPad = "UIInterfaceOrientationPortrait UIInterfaceOrientationPortraitUpsideDown UIInterfaceOrientationLandscapeLeft UIInterfaceOrientationLandscapeRight";
				INFOPLIST_KEY_UISupportedInterfaceOrientations_iPhone = "UIInterfaceOrientationPortrait UIInterfaceOrientationLandscapeLeft UIInterfaceOrientationLandscapeRight";
				LD_RUNPATH_SEARCH_PATHS = (
					"$(inherited)",
					"@executable_path/Frameworks",
				);
				MARKETING_VERSION = 1.0;
				PRODUCT_BUNDLE_IDENTIFIER = ddg.Login;
				PRODUCT_NAME = "$(TARGET_NAME)";
				SWIFT_EMIT_LOC_STRINGS = YES;
				SWIFT_VERSION = 5.0;
				TARGETED_DEVICE_FAMILY = "1,2";
			};
			name = Debug;
		};
		F1FD697E275F711200536406 /* Release */ = {
			isa = XCBuildConfiguration;
			buildSettings = {
				ASSETCATALOG_COMPILER_APPICON_NAME = AppIcon;
				ASSETCATALOG_COMPILER_GLOBAL_ACCENT_COLOR_NAME = AccentColor;
				CODE_SIGN_STYLE = Automatic;
				CURRENT_PROJECT_VERSION = 1;
				DEVELOPMENT_TEAM = S2BEC8V882;
				GENERATE_INFOPLIST_FILE = YES;
				INFOPLIST_FILE = Login/Info.plist;
				INFOPLIST_KEY_UIApplicationSupportsIndirectInputEvents = YES;
				INFOPLIST_KEY_UILaunchStoryboardName = LaunchScreen;
				INFOPLIST_KEY_UIMainStoryboardFile = Main;
				INFOPLIST_KEY_UISupportedInterfaceOrientations_iPad = "UIInterfaceOrientationPortrait UIInterfaceOrientationPortraitUpsideDown UIInterfaceOrientationLandscapeLeft UIInterfaceOrientationLandscapeRight";
				INFOPLIST_KEY_UISupportedInterfaceOrientations_iPhone = "UIInterfaceOrientationPortrait UIInterfaceOrientationLandscapeLeft UIInterfaceOrientationLandscapeRight";
				LD_RUNPATH_SEARCH_PATHS = (
					"$(inherited)",
					"@executable_path/Frameworks",
				);
				MARKETING_VERSION = 1.0;
				PRODUCT_BUNDLE_IDENTIFIER = ddg.Login;
				PRODUCT_NAME = "$(TARGET_NAME)";
				SWIFT_EMIT_LOC_STRINGS = YES;
				SWIFT_VERSION = 5.0;
				TARGETED_DEVICE_FAMILY = "1,2";
			};
			name = Release;
		};
		F1FD6980275F711200536406 /* Debug */ = {
			isa = XCBuildConfiguration;
			buildSettings = {
				ALWAYS_EMBED_SWIFT_STANDARD_LIBRARIES = YES;
				BUNDLE_LOADER = "$(TEST_HOST)";
				CODE_SIGN_STYLE = Automatic;
				CURRENT_PROJECT_VERSION = 1;
				DEVELOPMENT_TEAM = S2BEC8V882;
				GENERATE_INFOPLIST_FILE = YES;
				IPHONEOS_DEPLOYMENT_TARGET = 15.0;
				LD_RUNPATH_SEARCH_PATHS = (
					"$(inherited)",
					"@executable_path/Frameworks",
					"@loader_path/Frameworks",
				);
				MARKETING_VERSION = 1.0;
				PRODUCT_BUNDLE_IDENTIFIER = ddg.LoginTests;
				PRODUCT_NAME = "$(TARGET_NAME)";
				SWIFT_EMIT_LOC_STRINGS = NO;
				SWIFT_VERSION = 5.0;
				TARGETED_DEVICE_FAMILY = "1,2";
				TEST_HOST = "$(BUILT_PRODUCTS_DIR)/Login.app/Login";
			};
			name = Debug;
		};
		F1FD6981275F711200536406 /* Release */ = {
			isa = XCBuildConfiguration;
			buildSettings = {
				ALWAYS_EMBED_SWIFT_STANDARD_LIBRARIES = YES;
				BUNDLE_LOADER = "$(TEST_HOST)";
				CODE_SIGN_STYLE = Automatic;
				CURRENT_PROJECT_VERSION = 1;
				DEVELOPMENT_TEAM = S2BEC8V882;
				GENERATE_INFOPLIST_FILE = YES;
				IPHONEOS_DEPLOYMENT_TARGET = 15.0;
				LD_RUNPATH_SEARCH_PATHS = (
					"$(inherited)",
					"@executable_path/Frameworks",
					"@loader_path/Frameworks",
				);
				MARKETING_VERSION = 1.0;
				PRODUCT_BUNDLE_IDENTIFIER = ddg.LoginTests;
				PRODUCT_NAME = "$(TARGET_NAME)";
				SWIFT_EMIT_LOC_STRINGS = NO;
				SWIFT_VERSION = 5.0;
				TARGETED_DEVICE_FAMILY = "1,2";
				TEST_HOST = "$(BUILT_PRODUCTS_DIR)/Login.app/Login";
			};
			name = Release;
		};
		F1FD6983275F711200536406 /* Debug */ = {
			isa = XCBuildConfiguration;
			buildSettings = {
				ALWAYS_EMBED_SWIFT_STANDARD_LIBRARIES = YES;
				CODE_SIGN_STYLE = Automatic;
				CURRENT_PROJECT_VERSION = 1;
				DEVELOPMENT_TEAM = S2BEC8V882;
				GENERATE_INFOPLIST_FILE = YES;
				LD_RUNPATH_SEARCH_PATHS = (
					"$(inherited)",
					"@executable_path/Frameworks",
					"@loader_path/Frameworks",
				);
				MARKETING_VERSION = 1.0;
				PRODUCT_BUNDLE_IDENTIFIER = ddg.LoginUITests;
				PRODUCT_NAME = "$(TARGET_NAME)";
				SWIFT_EMIT_LOC_STRINGS = NO;
				SWIFT_VERSION = 5.0;
				TARGETED_DEVICE_FAMILY = "1,2";
				TEST_TARGET_NAME = Login;
			};
			name = Debug;
		};
		F1FD6984275F711200536406 /* Release */ = {
			isa = XCBuildConfiguration;
			buildSettings = {
				ALWAYS_EMBED_SWIFT_STANDARD_LIBRARIES = YES;
				CODE_SIGN_STYLE = Automatic;
				CURRENT_PROJECT_VERSION = 1;
				DEVELOPMENT_TEAM = S2BEC8V882;
				GENERATE_INFOPLIST_FILE = YES;
				LD_RUNPATH_SEARCH_PATHS = (
					"$(inherited)",
					"@executable_path/Frameworks",
					"@loader_path/Frameworks",
				);
				MARKETING_VERSION = 1.0;
				PRODUCT_BUNDLE_IDENTIFIER = ddg.LoginUITests;
				PRODUCT_NAME = "$(TARGET_NAME)";
				SWIFT_EMIT_LOC_STRINGS = NO;
				SWIFT_VERSION = 5.0;
				TARGETED_DEVICE_FAMILY = "1,2";
				TEST_TARGET_NAME = Login;
			};
			name = Release;
		};
/* End XCBuildConfiguration section */

/* Begin XCConfigurationList section */
		F1FD694D275F711000536406 /* Build configuration list for PBXProject "Login" */ = {
			isa = XCConfigurationList;
			buildConfigurations = (
				F1FD697A275F711200536406 /* Debug */,
				F1FD697B275F711200536406 /* Release */,
			);
			defaultConfigurationIsVisible = 0;
			defaultConfigurationName = Release;
		};
		F1FD697C275F711200536406 /* Build configuration list for PBXNativeTarget "Login" */ = {
			isa = XCConfigurationList;
			buildConfigurations = (
				F1FD697D275F711200536406 /* Debug */,
				F1FD697E275F711200536406 /* Release */,
			);
			defaultConfigurationIsVisible = 0;
			defaultConfigurationName = Release;
		};
		F1FD697F275F711200536406 /* Build configuration list for PBXNativeTarget "LoginTests" */ = {
			isa = XCConfigurationList;
			buildConfigurations = (
				F1FD6980275F711200536406 /* Debug */,
				F1FD6981275F711200536406 /* Release */,
			);
			defaultConfigurationIsVisible = 0;
			defaultConfigurationName = Release;
		};
		F1FD6982275F711200536406 /* Build configuration list for PBXNativeTarget "LoginUITests" */ = {
			isa = XCConfigurationList;
			buildConfigurations = (
				F1FD6983275F711200536406 /* Debug */,
				F1FD6984275F711200536406 /* Release */,
			);
			defaultConfigurationIsVisible = 0;
			defaultConfigurationName = Release;
		};
/* End XCConfigurationList section */
	};
	rootObject = F1FD694A275F711000536406 /* Project object */;
}
