// !$*UTF8*$!
{
	archiveVersion = 1;
	classes = {
	};
	objectVersion = 55;
	objects = {

/* Begin PBXBuildFile section */
		F109FEC62761636B00054E1F /* ApiService.swift in Sources */ = {isa = PBXBuildFile; fileRef = F109FEC42761636A00054E1F /* ApiService.swift */; };
		F109FECE276523F900054E1F /* LaunchViewController.swift in Sources */ = {isa = PBXBuildFile; fileRef = F109FECD276523F900054E1F /* LaunchViewController.swift */; };
		F109FED12765445E00054E1F /* Coordinator.swift in Sources */ = {isa = PBXBuildFile; fileRef = F109FED02765445E00054E1F /* Coordinator.swift */; };
		F109FED42765496C00054E1F /* LoginCoordinator.swift in Sources */ = {isa = PBXBuildFile; fileRef = F109FED32765496C00054E1F /* LoginCoordinator.swift */; };
		F109FED627654AAC00054E1F /* HomeCoordinator.swift in Sources */ = {isa = PBXBuildFile; fileRef = F109FED527654AAC00054E1F /* HomeCoordinator.swift */; };
		F120C7852760C3B100368418 /* login_success.json in Resources */ = {isa = PBXBuildFile; fileRef = F120C7802760BEAD00368418 /* login_success.json */; };
		F120EA65279B904000EF39A6 /* LoginUseCase.swift in Sources */ = {isa = PBXBuildFile; fileRef = F120EA64279B904000EF39A6 /* LoginUseCase.swift */; };
		F1725C6727EC080B008CBCF5 /* LoginUseCaseTest.swift in Sources */ = {isa = PBXBuildFile; fileRef = F1725C6627EC080B008CBCF5 /* LoginUseCaseTest.swift */; };
		F1725C6F27ECB139008CBCF5 /* login_password_fail.json in Resources */ = {isa = PBXBuildFile; fileRef = F1725C6D27EC2197008CBCF5 /* login_password_fail.json */; };
		F1725C7227ECC677008CBCF5 /* ApiServiceMock.swift in Sources */ = {isa = PBXBuildFile; fileRef = F1725C7127ECC677008CBCF5 /* ApiServiceMock.swift */; };
		F1725C7427ECC698008CBCF5 /* ApiError.swift in Sources */ = {isa = PBXBuildFile; fileRef = F1725C7327ECC698008CBCF5 /* ApiError.swift */; };
		F1725C7627ECC7B8008CBCF5 /* BaseAnalytics.swift in Sources */ = {isa = PBXBuildFile; fileRef = F1725C7527ECC7B8008CBCF5 /* BaseAnalytics.swift */; };
		F1725C7827ECC7E3008CBCF5 /* BaseViewController.swift in Sources */ = {isa = PBXBuildFile; fileRef = F1725C7727ECC7E3008CBCF5 /* BaseViewController.swift */; };
		F1725C7B27ECC8EE008CBCF5 /* BaseAnalyticModel.swift in Sources */ = {isa = PBXBuildFile; fileRef = F1725C7A27ECC8EE008CBCF5 /* BaseAnalyticModel.swift */; };
		F1725C7E27ECCA0A008CBCF5 /* LeanplumAnalyticRepository.swift in Sources */ = {isa = PBXBuildFile; fileRef = F1725C7D27ECCA0A008CBCF5 /* LeanplumAnalyticRepository.swift */; };
		F1725C8027ECCA2F008CBCF5 /* FirebaseAnalyticRepository.swift in Sources */ = {isa = PBXBuildFile; fileRef = F1725C7F27ECCA2F008CBCF5 /* FirebaseAnalyticRepository.swift */; };
		F1725C8327ECCA67008CBCF5 /* LoginAnalytics.swift in Sources */ = {isa = PBXBuildFile; fileRef = F1725C8227ECCA67008CBCF5 /* LoginAnalytics.swift */; };
		F18012C3279F7A2300D528F7 /* UserModel.swift in Sources */ = {isa = PBXBuildFile; fileRef = F18012C2279F7A2300D528F7 /* UserModel.swift */; };
		F18012C5279F7AC300D528F7 /* LoginModel.swift in Sources */ = {isa = PBXBuildFile; fileRef = F18012C4279F7AC300D528F7 /* LoginModel.swift */; };
		F18012C8279F7B7400D528F7 /* LoginDataSource.swift in Sources */ = {isa = PBXBuildFile; fileRef = F18012C7279F7B7400D528F7 /* LoginDataSource.swift */; };
		F18012CA279F7B8100D528F7 /* LoginRepository.swift in Sources */ = {isa = PBXBuildFile; fileRef = F18012C9279F7B8100D528F7 /* LoginRepository.swift */; };
		F1BB97FF27B70AA50051AE32 /* AnalyticPatternLibrary in Frameworks */ = {isa = PBXBuildFile; productRef = F1BB97FE27B70AA50051AE32 /* AnalyticPatternLibrary */; };
		F1FD6956275F711000536406 /* AppDelegate.swift in Sources */ = {isa = PBXBuildFile; fileRef = F1FD6955275F711000536406 /* AppDelegate.swift */; };
		F1FD695A275F711100536406 /* HomeViewController.swift in Sources */ = {isa = PBXBuildFile; fileRef = F1FD6959275F711100536406 /* HomeViewController.swift */; };
		F1FD695D275F711100536406 /* Main.storyboard in Resources */ = {isa = PBXBuildFile; fileRef = F1FD695B275F711100536406 /* Main.storyboard */; };
		F1FD695F275F711200536406 /* Assets.xcassets in Resources */ = {isa = PBXBuildFile; fileRef = F1FD695E275F711200536406 /* Assets.xcassets */; };
		F1FD6962275F711200536406 /* LaunchScreen.storyboard in Resources */ = {isa = PBXBuildFile; fileRef = F1FD6960275F711200536406 /* LaunchScreen.storyboard */; };
		F1FD696D275F711200536406 /* LoginTests.swift in Sources */ = {isa = PBXBuildFile; fileRef = F1FD696C275F711200536406 /* LoginTests.swift */; };
		F1FD6977275F711200536406 /* LoginUITests.swift in Sources */ = {isa = PBXBuildFile; fileRef = F1FD6976275F711200536406 /* LoginUITests.swift */; };
		F1FD6986275F743C00536406 /* Login.storyboard in Resources */ = {isa = PBXBuildFile; fileRef = F1FD6985275F743C00536406 /* Login.storyboard */; };
		F1FD698A275F747B00536406 /* LoginViewController.swift in Sources */ = {isa = PBXBuildFile; fileRef = F1FD6989275F747B00536406 /* LoginViewController.swift */; };
		F1FD6993275FFCA100536406 /* LoginViewModel.swift in Sources */ = {isa = PBXBuildFile; fileRef = F1FD6992275FFCA100536406 /* LoginViewModel.swift */; };
/* End PBXBuildFile section */

/* Begin PBXContainerItemProxy section */
		F1FD6969275F711200536406 /* PBXContainerItemProxy */ = {
			isa = PBXContainerItemProxy;
			containerPortal = F1FD694A275F711000536406 /* Project object */;
			proxyType = 1;
			remoteGlobalIDString = F1FD6951275F711000536406;
			remoteInfo = Login;
		};
		F1FD6973275F711200536406 /* PBXContainerItemProxy */ = {
			isa = PBXContainerItemProxy;
			containerPortal = F1FD694A275F711000536406 /* Project object */;
			proxyType = 1;
			remoteGlobalIDString = F1FD6951275F711000536406;
			remoteInfo = Login;
		};
/* End PBXContainerItemProxy section */

/* Begin PBXFileReference section */
		F109FEC42761636A00054E1F /* ApiService.swift */ = {isa = PBXFileReference; fileEncoding = 4; lastKnownFileType = sourcecode.swift; path = ApiService.swift; sourceTree = "<group>"; };
		F109FECD276523F900054E1F /* LaunchViewController.swift */ = {isa = PBXFileReference; lastKnownFileType = sourcecode.swift; path = LaunchViewController.swift; sourceTree = "<group>"; };
		F109FED02765445E00054E1F /* Coordinator.swift */ = {isa = PBXFileReference; lastKnownFileType = sourcecode.swift; path = Coordinator.swift; sourceTree = "<group>"; };
		F109FED32765496C00054E1F /* LoginCoordinator.swift */ = {isa = PBXFileReference; lastKnownFileType = sourcecode.swift; path = LoginCoordinator.swift; sourceTree = "<group>"; };
		F109FED527654AAC00054E1F /* HomeCoordinator.swift */ = {isa = PBXFileReference; lastKnownFileType = sourcecode.swift; path = HomeCoordinator.swift; sourceTree = "<group>"; };
		F120C7802760BEAD00368418 /* login_success.json */ = {isa = PBXFileReference; lastKnownFileType = text.json; path = login_success.json; sourceTree = "<group>"; };
		F120EA64279B904000EF39A6 /* LoginUseCase.swift */ = {isa = PBXFileReference; lastKnownFileType = sourcecode.swift; path = LoginUseCase.swift; sourceTree = "<group>"; };
		F1725C6627EC080B008CBCF5 /* LoginUseCaseTest.swift */ = {isa = PBXFileReference; lastKnownFileType = sourcecode.swift; path = LoginUseCaseTest.swift; sourceTree = "<group>"; };
		F1725C6D27EC2197008CBCF5 /* login_password_fail.json */ = {isa = PBXFileReference; lastKnownFileType = text.json; path = login_password_fail.json; sourceTree = "<group>"; };
		F1725C7127ECC677008CBCF5 /* ApiServiceMock.swift */ = {isa = PBXFileReference; lastKnownFileType = sourcecode.swift; path = ApiServiceMock.swift; sourceTree = "<group>"; };
		F1725C7327ECC698008CBCF5 /* ApiError.swift */ = {isa = PBXFileReference; lastKnownFileType = sourcecode.swift; path = ApiError.swift; sourceTree = "<group>"; };
		F1725C7527ECC7B8008CBCF5 /* BaseAnalytics.swift */ = {isa = PBXFileReference; lastKnownFileType = sourcecode.swift; path = BaseAnalytics.swift; sourceTree = "<group>"; };
		F1725C7727ECC7E3008CBCF5 /* BaseViewController.swift */ = {isa = PBXFileReference; lastKnownFileType = sourcecode.swift; path = BaseViewController.swift; sourceTree = "<group>"; };
		F1725C7A27ECC8EE008CBCF5 /* BaseAnalyticModel.swift */ = {isa = PBXFileReference; lastKnownFileType = sourcecode.swift; path = BaseAnalyticModel.swift; sourceTree = "<group>"; };
		F1725C7D27ECCA0A008CBCF5 /* LeanplumAnalyticRepository.swift */ = {isa = PBXFileReference; lastKnownFileType = sourcecode.swift; path = LeanplumAnalyticRepository.swift; sourceTree = "<group>"; };
		F1725C7F27ECCA2F008CBCF5 /* FirebaseAnalyticRepository.swift */ = {isa = PBXFileReference; lastKnownFileType = sourcecode.swift; path = FirebaseAnalyticRepository.swift; sourceTree = "<group>"; };
		F1725C8227ECCA67008CBCF5 /* LoginAnalytics.swift */ = {isa = PBXFileReference; lastKnownFileType = sourcecode.swift; path = LoginAnalytics.swift; sourceTree = "<group>"; };
		F18012C2279F7A2300D528F7 /* UserModel.swift */ = {isa = PBXFileReference; lastKnownFileType = sourcecode.swift; path = UserModel.swift; sourceTree = "<group>"; };
		F18012C4279F7AC300D528F7 /* LoginModel.swift */ = {isa = PBXFileReference; lastKnownFileType = sourcecode.swift; path = LoginModel.swift; sourceTree = "<group>"; };
		F18012C7279F7B7400D528F7 /* LoginDataSource.swift */ = {isa = PBXFileReference; lastKnownFileType = sourcecode.swift; path = LoginDataSource.swift; sourceTree = "<group>"; };
		F18012C9279F7B8100D528F7 /* LoginRepository.swift */ = {isa = PBXFileReference; lastKnownFileType = sourcecode.swift; path = LoginRepository.swift; sourceTree = "<group>"; };
		F1FD6952275F711000536406 /* Login.app */ = {isa = PBXFileReference; explicitFileType = wrapper.application; includeInIndex = 0; path = Login.app; sourceTree = BUILT_PRODUCTS_DIR; };
		F1FD6955275F711000536406 /* AppDelegate.swift */ = {isa = PBXFileReference; lastKnownFileType = sourcecode.swift; path = AppDelegate.swift; sourceTree = "<group>"; };
		F1FD6959275F711100536406 /* HomeViewController.swift */ = {isa = PBXFileReference; lastKnownFileType = sourcecode.swift; path = HomeViewController.swift; sourceTree = "<group>"; };
		F1FD695C275F711100536406 /* Base */ = {isa = PBXFileReference; lastKnownFileType = file.storyboard; name = Base; path = Base.lproj/Main.storyboard; sourceTree = "<group>"; };
		F1FD695E275F711200536406 /* Assets.xcassets */ = {isa = PBXFileReference; lastKnownFileType = folder.assetcatalog; path = Assets.xcassets; sourceTree = "<group>"; };
		F1FD6961275F711200536406 /* Base */ = {isa = PBXFileReference; lastKnownFileType = file.storyboard; name = Base; path = Base.lproj/LaunchScreen.storyboard; sourceTree = "<group>"; };
		F1FD6963275F711200536406 /* Info.plist */ = {isa = PBXFileReference; lastKnownFileType = text.plist.xml; path = Info.plist; sourceTree = "<group>"; };
		F1FD6968275F711200536406 /* LoginTests.xctest */ = {isa = PBXFileReference; explicitFileType = wrapper.cfbundle; includeInIndex = 0; path = LoginTests.xctest; sourceTree = BUILT_PRODUCTS_DIR; };
		F1FD696C275F711200536406 /* LoginTests.swift */ = {isa = PBXFileReference; lastKnownFileType = sourcecode.swift; path = LoginTests.swift; sourceTree = "<group>"; };
		F1FD6972275F711200536406 /* LoginUITests.xctest */ = {isa = PBXFileReference; explicitFileType = wrapper.cfbundle; includeInIndex = 0; path = LoginUITests.xctest; sourceTree = BUILT_PRODUCTS_DIR; };
		F1FD6976275F711200536406 /* LoginUITests.swift */ = {isa = PBXFileReference; lastKnownFileType = sourcecode.swift; path = LoginUITests.swift; sourceTree = "<group>"; };
		F1FD6985275F743C00536406 /* Login.storyboard */ = {isa = PBXFileReference; lastKnownFileType = file.storyboard; path = Login.storyboard; sourceTree = "<group>"; };
		F1FD6989275F747B00536406 /* LoginViewController.swift */ = {isa = PBXFileReference; lastKnownFileType = sourcecode.swift; path = LoginViewController.swift; sourceTree = "<group>"; };
		F1FD6992275FFCA100536406 /* LoginViewModel.swift */ = {isa = PBXFileReference; lastKnownFileType = sourcecode.swift; path = LoginViewModel.swift; sourceTree = "<group>"; };
/* End PBXFileReference section */

/* Begin PBXFrameworksBuildPhase section */
		F1FD694F275F711000536406 /* Frameworks */ = {
			isa = PBXFrameworksBuildPhase;
			buildActionMask = 2147483647;
			files = (
				F1BB97FF27B70AA50051AE32 /* AnalyticPatternLibrary in Frameworks */,
			);
			runOnlyForDeploymentPostprocessing = 0;
		};
		F1FD6965275F711200536406 /* Frameworks */ = {
			isa = PBXFrameworksBuildPhase;
			buildActionMask = 2147483647;
			files = (
			);
			runOnlyForDeploymentPostprocessing = 0;
		};
		F1FD696F275F711200536406 /* Frameworks */ = {
			isa = PBXFrameworksBuildPhase;
			buildActionMask = 2147483647;
			files = (
			);
			runOnlyForDeploymentPostprocessing = 0;
		};
/* End PBXFrameworksBuildPhase section */

/* Begin PBXGroup section */
		F109FECA276522CB00054E1F /* Scenes */ = {
			isa = PBXGroup;
			children = (
				F109FECB2765231400054E1F /* Launch */,
				F1FD6987275F746700536406 /* Login */,
			);
			path = Scenes;
			sourceTree = "<group>";
		};
		F109FECB2765231400054E1F /* Launch */ = {
			isa = PBXGroup;
			children = (
				F1FD6960275F711200536406 /* LaunchScreen.storyboard */,
				F1FD695B275F711100536406 /* Main.storyboard */,
				F109FED527654AAC00054E1F /* HomeCoordinator.swift */,
				F1FD6959275F711100536406 /* HomeViewController.swift */,
				F109FECD276523F900054E1F /* LaunchViewController.swift */,
			);
			path = Launch;
			sourceTree = "<group>";
		};
		F109FECC2765233300054E1F /* Resources */ = {
			isa = PBXGroup;
			children = (
				F1FD6963275F711200536406 /* Info.plist */,
				F1FD695E275F711200536406 /* Assets.xcassets */,
			);
			path = Resources;
			sourceTree = "<group>";
		};
		F109FECF2765445100054E1F /* Common */ = {
			isa = PBXGroup;
			children = (
				F109FED02765445E00054E1F /* Coordinator.swift */,
				F18012C2279F7A2300D528F7 /* UserModel.swift */,
				F1725C7727ECC7E3008CBCF5 /* BaseViewController.swift */,
				F1725C7927ECC8E1008CBCF5 /* Analytics */,
			);
			path = Common;
			sourceTree = "<group>";
		};
		F109FED22765495800054E1F /* Navigation */ = {
			isa = PBXGroup;
			children = (
				F109FED32765496C00054E1F /* LoginCoordinator.swift */,
			);
			path = Navigation;
			sourceTree = "<group>";
		};
		F109FED72765610C00054E1F /* HomeLogin */ = {
			isa = PBXGroup;
			children = (
				F1725C8127ECCA5D008CBCF5 /* Analytics */,
				F109FED22765495800054E1F /* Navigation */,
				F1FD6988275F747200536406 /* View */,
				F1FD698B275F775500536406 /* ViewModel */,
				F120EA63279B903200EF39A6 /* Usecase */,
				F18012C6279F7B5A00D528F7 /* DataSource */,
			);
			path = HomeLogin;
			sourceTree = "<group>";
		};
		F109FED82765612200054E1F /* ChangePassword */ = {
			isa = PBXGroup;
			children = (
			);
			path = ChangePassword;
			sourceTree = "<group>";
		};
		F109FED92765612C00054E1F /* Registration */ = {
			isa = PBXGroup;
			children = (
			);
			path = Registration;
			sourceTree = "<group>";
		};
		F120C77D2760BE4000368418 /* Mock */ = {
			isa = PBXGroup;
			children = (
				F1725C7027ECBCB6008CBCF5 /* Login */,
			);
			path = Mock;
			sourceTree = "<group>";
		};
		F120EA63279B903200EF39A6 /* Usecase */ = {
			isa = PBXGroup;
			children = (
				F120EA64279B904000EF39A6 /* LoginUseCase.swift */,
			);
			path = Usecase;
			sourceTree = "<group>";
		};
		F1725C7027ECBCB6008CBCF5 /* Login */ = {
			isa = PBXGroup;
			children = (
				F120C7802760BEAD00368418 /* login_success.json */,
				F1725C6D27EC2197008CBCF5 /* login_password_fail.json */,
			);
			path = Login;
			sourceTree = "<group>";
		};
		F1725C7927ECC8E1008CBCF5 /* Analytics */ = {
			isa = PBXGroup;
			children = (
				F1725C7527ECC7B8008CBCF5 /* BaseAnalytics.swift */,
				F1725C7A27ECC8EE008CBCF5 /* BaseAnalyticModel.swift */,
			);
			path = Analytics;
			sourceTree = "<group>";
		};
		F1725C7C27ECC9FC008CBCF5 /* Analytics */ = {
			isa = PBXGroup;
			children = (
				F1725C7D27ECCA0A008CBCF5 /* LeanplumAnalyticRepository.swift */,
				F1725C7F27ECCA2F008CBCF5 /* FirebaseAnalyticRepository.swift */,
			);
			path = Analytics;
			sourceTree = "<group>";
		};
		F1725C8127ECCA5D008CBCF5 /* Analytics */ = {
			isa = PBXGroup;
			children = (
				F1725C8227ECCA67008CBCF5 /* LoginAnalytics.swift */,
			);
			path = Analytics;
			sourceTree = "<group>";
		};
		F18012C6279F7B5A00D528F7 /* DataSource */ = {
			isa = PBXGroup;
			children = (
				F18012C7279F7B7400D528F7 /* LoginDataSource.swift */,
				F18012C9279F7B8100D528F7 /* LoginRepository.swift */,
			);
			path = DataSource;
			sourceTree = "<group>";
		};
		F1FD6949275F711000536406 = {
			isa = PBXGroup;
			children = (
				F1FD6954275F711000536406 /* Login */,
				F1FD696B275F711200536406 /* LoginTests */,
				F1FD6975275F711200536406 /* LoginUITests */,
				F1FD6953275F711000536406 /* Products */,
			);
			sourceTree = "<group>";
		};
		F1FD6953275F711000536406 /* Products */ = {
			isa = PBXGroup;
			children = (
				F1FD6952275F711000536406 /* Login.app */,
				F1FD6968275F711200536406 /* LoginTests.xctest */,
				F1FD6972275F711200536406 /* LoginUITests.xctest */,
			);
			name = Products;
			sourceTree = "<group>";
		};
		F1FD6954275F711000536406 /* Login */ = {
			isa = PBXGroup;
			children = (
				F1FD6955275F711000536406 /* AppDelegate.swift */,
				F109FECF2765445100054E1F /* Common */,
				F109FECC2765233300054E1F /* Resources */,
				F1FD698D275FFB6D00536406 /* ApiService */,
				F109FECA276522CB00054E1F /* Scenes */,
			);
			path = Login;
			sourceTree = "<group>";
		};
		F1FD696B275F711200536406 /* LoginTests */ = {
			isa = PBXGroup;
			children = (
				F1FD696C275F711200536406 /* LoginTests.swift */,
				F1725C6627EC080B008CBCF5 /* LoginUseCaseTest.swift */,
			);
			path = LoginTests;
			sourceTree = "<group>";
		};
		F1FD6975275F711200536406 /* LoginUITests */ = {
			isa = PBXGroup;
			children = (
				F1FD6976275F711200536406 /* LoginUITests.swift */,
				F120C77D2760BE4000368418 /* Mock */,
			);
			path = LoginUITests;
			sourceTree = "<group>";
		};
		F1FD6987275F746700536406 /* Login */ = {
			isa = PBXGroup;
			children = (
				F1FD6985275F743C00536406 /* Login.storyboard */,
				F109FED92765612C00054E1F /* Registration */,
				F109FED82765612200054E1F /* ChangePassword */,
				F109FED72765610C00054E1F /* HomeLogin */,
			);
			path = Login;
			sourceTree = "<group>";
		};
		F1FD6988275F747200536406 /* View */ = {
			isa = PBXGroup;
			children = (
				F1FD6989275F747B00536406 /* LoginViewController.swift */,
			);
			path = View;
			sourceTree = "<group>";
		};
		F1FD698B275F775500536406 /* ViewModel */ = {
			isa = PBXGroup;
			children = (
				F18012C4279F7AC300D528F7 /* LoginModel.swift */,
				F1FD6992275FFCA100536406 /* LoginViewModel.swift */,
			);
			path = ViewModel;
			sourceTree = "<group>";
		};
		F1FD698D275FFB6D00536406 /* ApiService */ = {
			isa = PBXGroup;
			children = (
				F1725C7C27ECC9FC008CBCF5 /* Analytics */,
				F109FEC42761636A00054E1F /* ApiService.swift */,
				F1725C7127ECC677008CBCF5 /* ApiServiceMock.swift */,
				F1725C7327ECC698008CBCF5 /* ApiError.swift */,
			);
			path = ApiService;
			sourceTree = "<group>";
		};
/* End PBXGroup section */

/* Begin PBXNativeTarget section */
		F1FD6951275F711000536406 /* Login */ = {
			isa = PBXNativeTarget;
			buildConfigurationList = F1FD697C275F711200536406 /* Build configuration list for PBXNativeTarget "Login" */;
			buildPhases = (
				F1FD694E275F711000536406 /* Sources */,
				F1FD694F275F711000536406 /* Frameworks */,
				F1FD6950275F711000536406 /* Resources */,
			);
			buildRules = (
			);
			dependencies = (
			);
			name = Login;
			packageProductDependencies = (
				F1BB97FE27B70AA50051AE32 /* AnalyticPatternLibrary */,
			);
			productName = Login;
			productReference = F1FD6952275F711000536406 /* Login.app */;
			productType = "com.apple.product-type.application";
		};
		F1FD6967275F711200536406 /* LoginTests */ = {
			isa = PBXNativeTarget;
			buildConfigurationList = F1FD697F275F711200536406 /* Build configuration list for PBXNativeTarget "LoginTests" */;
			buildPhases = (
				F1FD6964275F711200536406 /* Sources */,
				F1FD6965275F711200536406 /* Frameworks */,
				F1FD6966275F711200536406 /* Resources */,
			);
			buildRules = (
			);
			dependencies = (
				F1FD696A275F711200536406 /* PBXTargetDependency */,
			);
			name = LoginTests;
			productName = LoginTests;
			productReference = F1FD6968275F711200536406 /* LoginTests.xctest */;
			productType = "com.apple.product-type.bundle.unit-test";
		};
		F1FD6971275F711200536406 /* LoginUITests */ = {
			isa = PBXNativeTarget;
			buildConfigurationList = F1FD6982275F711200536406 /* Build configuration list for PBXNativeTarget "LoginUITests" */;
			buildPhases = (
				F1FD696E275F711200536406 /* Sources */,
				F1FD696F275F711200536406 /* Frameworks */,
				F1FD6970275F711200536406 /* Resources */,
			);
			buildRules = (
			);
			dependencies = (
				F1FD6974275F711200536406 /* PBXTargetDependency */,
			);
			name = LoginUITests;
			productName = LoginUITests;
			productReference = F1FD6972275F711200536406 /* LoginUITests.xctest */;
			productType = "com.apple.product-type.bundle.ui-testing";
		};
/* End PBXNativeTarget section */

/* Begin PBXProject section */
		F1FD694A275F711000536406 /* Project object */ = {
			isa = PBXProject;
			attributes = {
				BuildIndependentTargetsInParallel = 1;
				LastSwiftUpdateCheck = 1310;
				LastUpgradeCheck = 1310;
				TargetAttributes = {
					F1FD6951275F711000536406 = {
						CreatedOnToolsVersion = 13.1;
					};
					F1FD6967275F711200536406 = {
						CreatedOnToolsVersion = 13.1;
						TestTargetID = F1FD6951275F711000536406;
					};
					F1FD6971275F711200536406 = {
						CreatedOnToolsVersion = 13.1;
						TestTargetID = F1FD6951275F711000536406;
					};
				};
			};
			buildConfigurationList = F1FD694D275F711000536406 /* Build configuration list for PBXProject "Login" */;
			compatibilityVersion = "Xcode 13.0";
			developmentRegion = en;
			hasScannedForEncodings = 0;
			knownRegions = (
				en,
				Base,
			);
			mainGroup = F1FD6949275F711000536406;
			packageReferences = (
				F1BB97FD27B70AA50051AE32 /* XCRemoteSwiftPackageReference "analyticPatternLibrary" */,
			);
			productRefGroup = F1FD6953275F711000536406 /* Products */;
			projectDirPath = "";
			projectRoot = "";
			targets = (
				F1FD6951275F711000536406 /* Login */,
				F1FD6967275F711200536406 /* LoginTests */,
				F1FD6971275F711200536406 /* LoginUITests */,
			);
		};
/* End PBXProject section */

/* Begin PBXResourcesBuildPhase section */
		F1FD6950275F711000536406 /* Resources */ = {
			isa = PBXResourcesBuildPhase;
			buildActionMask = 2147483647;
			files = (
				F1725C6F27ECB139008CBCF5 /* login_password_fail.json in Resources */,
				F1FD6986275F743C00536406 /* Login.storyboard in Resources */,
				F1FD6962275F711200536406 /* LaunchScreen.storyboard in Resources */,
				F120C7852760C3B100368418 /* login_success.json in Resources */,
				F1FD695F275F711200536406 /* Assets.xcassets in Resources */,
				F1FD695D275F711100536406 /* Main.storyboard in Resources */,
			);
			runOnlyForDeploymentPostprocessing = 0;
		};
		F1FD6966275F711200536406 /* Resources */ = {
			isa = PBXResourcesBuildPhase;
			buildActionMask = 2147483647;
			files = (
			);
			runOnlyForDeploymentPostprocessing = 0;
		};
		F1FD6970275F711200536406 /* Resources */ = {
			isa = PBXResourcesBuildPhase;
			buildActionMask = 2147483647;
			files = (
			);
			runOnlyForDeploymentPostprocessing = 0;
		};
/* End PBXResourcesBuildPhase section */

/* Begin PBXSourcesBuildPhase section */
		F1FD694E275F711000536406 /* Sources */ = {
			isa = PBXSourcesBuildPhase;
			buildActionMask = 2147483647;
			files = (
				F1725C7E27ECCA0A008CBCF5 /* LeanplumAnalyticRepository.swift in Sources */,
				F1FD698A275F747B00536406 /* LoginViewController.swift in Sources */,
				F18012C5279F7AC300D528F7 /* LoginModel.swift in Sources */,
				F109FED12765445E00054E1F /* Coordinator.swift in Sources */,
				F1FD695A275F711100536406 /* HomeViewController.swift in Sources */,
				F109FED627654AAC00054E1F /* HomeCoordinator.swift in Sources */,
				F1725C7827ECC7E3008CBCF5 /* BaseViewController.swift in Sources */,
				F18012C3279F7A2300D528F7 /* UserModel.swift in Sources */,
				F1725C8327ECCA67008CBCF5 /* LoginAnalytics.swift in Sources */,
				F1725C7627ECC7B8008CBCF5 /* BaseAnalytics.swift in Sources */,
				F1725C7227ECC677008CBCF5 /* ApiServiceMock.swift in Sources */,
				F18012C8279F7B7400D528F7 /* LoginDataSource.swift in Sources */,
				F1FD6993275FFCA100536406 /* LoginViewModel.swift in Sources */,
				F18012CA279F7B8100D528F7 /* LoginRepository.swift in Sources */,
				F109FED42765496C00054E1F /* LoginCoordinator.swift in Sources */,
				F109FEC62761636B00054E1F /* ApiService.swift in Sources */,
				F1725C7427ECC698008CBCF5 /* ApiError.swift in Sources */,
				F1725C8027ECCA2F008CBCF5 /* FirebaseAnalyticRepository.swift in Sources */,
				F1725C7B27ECC8EE008CBCF5 /* BaseAnalyticModel.swift in Sources */,
				F109FECE276523F900054E1F /* LaunchViewController.swift in Sources */,
				F120EA65279B904000EF39A6 /* LoginUseCase.swift in Sources */,
				F1FD6956275F711000536406 /* AppDelegate.swift in Sources */,
			);
			runOnlyForDeploymentPostprocessing = 0;
		};
		F1FD6964275F711200536406 /* Sources */ = {
			isa = PBXSourcesBuildPhase;
			buildActionMask = 2147483647;
			files = (
				F1725C6727EC080B008CBCF5 /* LoginUseCaseTest.swift in Sources */,
				F1FD696D275F711200536406 /* LoginTests.swift in Sources */,
			);
			runOnlyForDeploymentPostprocessing = 0;
		};
		F1FD696E275F711200536406 /* Sources */ = {
			isa = PBXSourcesBuildPhase;
			buildActionMask = 2147483647;
			files = (
				F1FD6977275F711200536406 /* LoginUITests.swift in Sources */,
			);
			runOnlyForDeploymentPostprocessing = 0;
		};
/* End PBXSourcesBuildPhase section */

/* Begin PBXTargetDependency section */
		F1FD696A275F711200536406 /* PBXTargetDependency */ = {
			isa = PBXTargetDependency;
			target = F1FD6951275F711000536406 /* Login */;
			targetProxy = F1FD6969275F711200536406 /* PBXContainerItemProxy */;
		};
		F1FD6974275F711200536406 /* PBXTargetDependency */ = {
			isa = PBXTargetDependency;
			target = F1FD6951275F711000536406 /* Login */;
			targetProxy = F1FD6973275F711200536406 /* PBXContainerItemProxy */;
		};
/* End PBXTargetDependency section */

/* Begin PBXVariantGroup section */
		F1FD695B275F711100536406 /* Main.storyboard */ = {
			isa = PBXVariantGroup;
			children = (
				F1FD695C275F711100536406 /* Base */,
			);
			name = Main.storyboard;
			sourceTree = "<group>";
		};
		F1FD6960275F711200536406 /* LaunchScreen.storyboard */ = {
			isa = PBXVariantGroup;
			children = (
				F1FD6961275F711200536406 /* Base */,
			);
			name = LaunchScreen.storyboard;
			sourceTree = "<group>";
		};
/* End PBXVariantGroup section */

/* Begin XCBuildConfiguration section */
		F1FD697A275F711200536406 /* Debug */ = {
			isa = XCBuildConfiguration;
			buildSettings = {
				ALWAYS_SEARCH_USER_PATHS = NO;
				CLANG_ANALYZER_NONNULL = YES;
				CLANG_ANALYZER_NUMBER_OBJECT_CONVERSION = YES_AGGRESSIVE;
				CLANG_CXX_LANGUAGE_STANDARD = "gnu++17";
				CLANG_CXX_LIBRARY = "libc++";
				CLANG_ENABLE_MODULES = YES;
				CLANG_ENABLE_OBJC_ARC = YES;
				CLANG_ENABLE_OBJC_WEAK = YES;
				CLANG_WARN_BLOCK_CAPTURE_AUTORELEASING = YES;
				CLANG_WARN_BOOL_CONVERSION = YES;
				CLANG_WARN_COMMA = YES;
				CLANG_WARN_CONSTANT_CONVERSION = YES;
				CLANG_WARN_DEPRECATED_OBJC_IMPLEMENTATIONS = YES;
				CLANG_WARN_DIRECT_OBJC_ISA_USAGE = YES_ERROR;
				CLANG_WARN_DOCUMENTATION_COMMENTS = YES;
				CLANG_WARN_EMPTY_BODY = YES;
				CLANG_WARN_ENUM_CONVERSION = YES;
				CLANG_WARN_INFINITE_RECURSION = YES;
				CLANG_WARN_INT_CONVERSION = YES;
				CLANG_WARN_NON_LITERAL_NULL_CONVERSION = YES;
				CLANG_WARN_OBJC_IMPLICIT_RETAIN_SELF = YES;
				CLANG_WARN_OBJC_LITERAL_CONVERSION = YES;
				CLANG_WARN_OBJC_ROOT_CLASS = YES_ERROR;
				CLANG_WARN_QUOTED_INCLUDE_IN_FRAMEWORK_HEADER = YES;
				CLANG_WARN_RANGE_LOOP_ANALYSIS = YES;
				CLANG_WARN_STRICT_PROTOTYPES = YES;
				CLANG_WARN_SUSPICIOUS_MOVE = YES;
				CLANG_WARN_UNGUARDED_AVAILABILITY = YES_AGGRESSIVE;
				CLANG_WARN_UNREACHABLE_CODE = YES;
				CLANG_WARN__DUPLICATE_METHOD_MATCH = YES;
				COPY_PHASE_STRIP = NO;
				DEBUG_INFORMATION_FORMAT = dwarf;
				ENABLE_STRICT_OBJC_MSGSEND = YES;
				ENABLE_TESTABILITY = YES;
				GCC_C_LANGUAGE_STANDARD = gnu11;
				GCC_DYNAMIC_NO_PIC = NO;
				GCC_NO_COMMON_BLOCKS = YES;
				GCC_OPTIMIZATION_LEVEL = 0;
				GCC_PREPROCESSOR_DEFINITIONS = (
					"DEBUG=1",
					"$(inherited)",
				);
				GCC_WARN_64_TO_32_BIT_CONVERSION = YES;
				GCC_WARN_ABOUT_RETURN_TYPE = YES_ERROR;
				GCC_WARN_UNDECLARED_SELECTOR = YES;
				GCC_WARN_UNINITIALIZED_AUTOS = YES_AGGRESSIVE;
				GCC_WARN_UNUSED_FUNCTION = YES;
				GCC_WARN_UNUSED_VARIABLE = YES;
				IPHONEOS_DEPLOYMENT_TARGET = 15.0;
				MTL_ENABLE_DEBUG_INFO = INCLUDE_SOURCE;
				MTL_FAST_MATH = YES;
				ONLY_ACTIVE_ARCH = YES;
				SDKROOT = iphoneos;
				SWIFT_ACTIVE_COMPILATION_CONDITIONS = DEBUG;
				SWIFT_OPTIMIZATION_LEVEL = "-Onone";
			};
			name = Debug;
		};
		F1FD697B275F711200536406 /* Release */ = {
			isa = XCBuildConfiguration;
			buildSettings = {
				ALWAYS_SEARCH_USER_PATHS = NO;
				CLANG_ANALYZER_NONNULL = YES;
				CLANG_ANALYZER_NUMBER_OBJECT_CONVERSION = YES_AGGRESSIVE;
				CLANG_CXX_LANGUAGE_STANDARD = "gnu++17";
				CLANG_CXX_LIBRARY = "libc++";
				CLANG_ENABLE_MODULES = YES;
				CLANG_ENABLE_OBJC_ARC = YES;
				CLANG_ENABLE_OBJC_WEAK = YES;
				CLANG_WARN_BLOCK_CAPTURE_AUTORELEASING = YES;
				CLANG_WARN_BOOL_CONVERSION = YES;
				CLANG_WARN_COMMA = YES;
				CLANG_WARN_CONSTANT_CONVERSION = YES;
				CLANG_WARN_DEPRECATED_OBJC_IMPLEMENTATIONS = YES;
				CLANG_WARN_DIRECT_OBJC_ISA_USAGE = YES_ERROR;
				CLANG_WARN_DOCUMENTATION_COMMENTS = YES;
				CLANG_WARN_EMPTY_BODY = YES;
				CLANG_WARN_ENUM_CONVERSION = YES;
				CLANG_WARN_INFINITE_RECURSION = YES;
				CLANG_WARN_INT_CONVERSION = YES;
				CLANG_WARN_NON_LITERAL_NULL_CONVERSION = YES;
				CLANG_WARN_OBJC_IMPLICIT_RETAIN_SELF = YES;
				CLANG_WARN_OBJC_LITERAL_CONVERSION = YES;
				CLANG_WARN_OBJC_ROOT_CLASS = YES_ERROR;
				CLANG_WARN_QUOTED_INCLUDE_IN_FRAMEWORK_HEADER = YES;
				CLANG_WARN_RANGE_LOOP_ANALYSIS = YES;
				CLANG_WARN_STRICT_PROTOTYPES = YES;
				CLANG_WARN_SUSPICIOUS_MOVE = YES;
				CLANG_WARN_UNGUARDED_AVAILABILITY = YES_AGGRESSIVE;
				CLANG_WARN_UNREACHABLE_CODE = YES;
				CLANG_WARN__DUPLICATE_METHOD_MATCH = YES;
				COPY_PHASE_STRIP = NO;
				DEBUG_INFORMATION_FORMAT = "dwarf-with-dsym";
				ENABLE_NS_ASSERTIONS = NO;
				ENABLE_STRICT_OBJC_MSGSEND = YES;
				GCC_C_LANGUAGE_STANDARD = gnu11;
				GCC_NO_COMMON_BLOCKS = YES;
				GCC_WARN_64_TO_32_BIT_CONVERSION = YES;
				GCC_WARN_ABOUT_RETURN_TYPE = YES_ERROR;
				GCC_WARN_UNDECLARED_SELECTOR = YES;
				GCC_WARN_UNINITIALIZED_AUTOS = YES_AGGRESSIVE;
				GCC_WARN_UNUSED_FUNCTION = YES;
				GCC_WARN_UNUSED_VARIABLE = YES;
				IPHONEOS_DEPLOYMENT_TARGET = 15.0;
				MTL_ENABLE_DEBUG_INFO = NO;
				MTL_FAST_MATH = YES;
				SDKROOT = iphoneos;
				SWIFT_COMPILATION_MODE = wholemodule;
				SWIFT_OPTIMIZATION_LEVEL = "-O";
				VALIDATE_PRODUCT = YES;
			};
			name = Release;
		};
		F1FD697D275F711200536406 /* Debug */ = {
			isa = XCBuildConfiguration;
			buildSettings = {
				ASSETCATALOG_COMPILER_APPICON_NAME = AppIcon;
				ASSETCATALOG_COMPILER_GLOBAL_ACCENT_COLOR_NAME = AccentColor;
				CODE_SIGN_STYLE = Automatic;
				CURRENT_PROJECT_VERSION = 1;
				DEVELOPMENT_TEAM = S2BEC8V882;
				GENERATE_INFOPLIST_FILE = YES;
				INFOPLIST_FILE = Login/Resources/Info.plist;
				INFOPLIST_KEY_UIApplicationSupportsIndirectInputEvents = YES;
				INFOPLIST_KEY_UILaunchStoryboardName = LaunchScreen;
				INFOPLIST_KEY_UIMainStoryboardFile = Main;
				INFOPLIST_KEY_UISupportedInterfaceOrientations_iPad = "UIInterfaceOrientationPortrait UIInterfaceOrientationPortraitUpsideDown UIInterfaceOrientationLandscapeLeft UIInterfaceOrientationLandscapeRight";
				INFOPLIST_KEY_UISupportedInterfaceOrientations_iPhone = "UIInterfaceOrientationPortrait UIInterfaceOrientationLandscapeLeft UIInterfaceOrientationLandscapeRight";
				LD_RUNPATH_SEARCH_PATHS = (
					"$(inherited)",
					"@executable_path/Frameworks",
				);
				MARKETING_VERSION = 1.0;
				PRODUCT_BUNDLE_IDENTIFIER = ddg.Login;
				PRODUCT_NAME = "$(TARGET_NAME)";
				SWIFT_EMIT_LOC_STRINGS = YES;
				SWIFT_VERSION = 5.0;
				TARGETED_DEVICE_FAMILY = "1,2";
			};
			name = Debug;
		};
		F1FD697E275F711200536406 /* Release */ = {
			isa = XCBuildConfiguration;
			buildSettings = {
				ASSETCATALOG_COMPILER_APPICON_NAME = AppIcon;
				ASSETCATALOG_COMPILER_GLOBAL_ACCENT_COLOR_NAME = AccentColor;
				CODE_SIGN_STYLE = Automatic;
				CURRENT_PROJECT_VERSION = 1;
				DEVELOPMENT_TEAM = S2BEC8V882;
				GENERATE_INFOPLIST_FILE = YES;
				INFOPLIST_FILE = Login/Resources/Info.plist;
				INFOPLIST_KEY_UIApplicationSupportsIndirectInputEvents = YES;
				INFOPLIST_KEY_UILaunchStoryboardName = LaunchScreen;
				INFOPLIST_KEY_UIMainStoryboardFile = Main;
				INFOPLIST_KEY_UISupportedInterfaceOrientations_iPad = "UIInterfaceOrientationPortrait UIInterfaceOrientationPortraitUpsideDown UIInterfaceOrientationLandscapeLeft UIInterfaceOrientationLandscapeRight";
				INFOPLIST_KEY_UISupportedInterfaceOrientations_iPhone = "UIInterfaceOrientationPortrait UIInterfaceOrientationLandscapeLeft UIInterfaceOrientationLandscapeRight";
				LD_RUNPATH_SEARCH_PATHS = (
					"$(inherited)",
					"@executable_path/Frameworks",
				);
				MARKETING_VERSION = 1.0;
				PRODUCT_BUNDLE_IDENTIFIER = ddg.Login;
				PRODUCT_NAME = "$(TARGET_NAME)";
				SWIFT_EMIT_LOC_STRINGS = YES;
				SWIFT_VERSION = 5.0;
				TARGETED_DEVICE_FAMILY = "1,2";
			};
			name = Release;
		};
		F1FD6980275F711200536406 /* Debug */ = {
			isa = XCBuildConfiguration;
			buildSettings = {
				ALWAYS_EMBED_SWIFT_STANDARD_LIBRARIES = YES;
				BUNDLE_LOADER = "$(TEST_HOST)";
				CODE_SIGN_STYLE = Automatic;
				CURRENT_PROJECT_VERSION = 1;
				DEVELOPMENT_TEAM = S2BEC8V882;
				GENERATE_INFOPLIST_FILE = YES;
				IPHONEOS_DEPLOYMENT_TARGET = 15.0;
				LD_RUNPATH_SEARCH_PATHS = (
					"$(inherited)",
					"@executable_path/Frameworks",
					"@loader_path/Frameworks",
				);
				MARKETING_VERSION = 1.0;
				PRODUCT_BUNDLE_IDENTIFIER = ddg.LoginTests;
				PRODUCT_NAME = "$(TARGET_NAME)";
				SWIFT_EMIT_LOC_STRINGS = NO;
				SWIFT_VERSION = 5.0;
				TARGETED_DEVICE_FAMILY = "1,2";
				TEST_HOST = "$(BUILT_PRODUCTS_DIR)/Login.app/Login";
			};
			name = Debug;
		};
		F1FD6981275F711200536406 /* Release */ = {
			isa = XCBuildConfiguration;
			buildSettings = {
				ALWAYS_EMBED_SWIFT_STANDARD_LIBRARIES = YES;
				BUNDLE_LOADER = "$(TEST_HOST)";
				CODE_SIGN_STYLE = Automatic;
				CURRENT_PROJECT_VERSION = 1;
				DEVELOPMENT_TEAM = S2BEC8V882;
				GENERATE_INFOPLIST_FILE = YES;
				IPHONEOS_DEPLOYMENT_TARGET = 15.0;
				LD_RUNPATH_SEARCH_PATHS = (
					"$(inherited)",
					"@executable_path/Frameworks",
					"@loader_path/Frameworks",
				);
				MARKETING_VERSION = 1.0;
				PRODUCT_BUNDLE_IDENTIFIER = ddg.LoginTests;
				PRODUCT_NAME = "$(TARGET_NAME)";
				SWIFT_EMIT_LOC_STRINGS = NO;
				SWIFT_VERSION = 5.0;
				TARGETED_DEVICE_FAMILY = "1,2";
				TEST_HOST = "$(BUILT_PRODUCTS_DIR)/Login.app/Login";
			};
			name = Release;
		};
		F1FD6983275F711200536406 /* Debug */ = {
			isa = XCBuildConfiguration;
			buildSettings = {
				ALWAYS_EMBED_SWIFT_STANDARD_LIBRARIES = YES;
				CODE_SIGN_STYLE = Automatic;
				CURRENT_PROJECT_VERSION = 1;
				DEVELOPMENT_TEAM = S2BEC8V882;
				GENERATE_INFOPLIST_FILE = YES;
				LD_RUNPATH_SEARCH_PATHS = (
					"$(inherited)",
					"@executable_path/Frameworks",
					"@loader_path/Frameworks",
				);
				MARKETING_VERSION = 1.0;
				PRODUCT_BUNDLE_IDENTIFIER = ddg.LoginUITests;
				PRODUCT_NAME = "$(TARGET_NAME)";
				SWIFT_EMIT_LOC_STRINGS = NO;
				SWIFT_VERSION = 5.0;
				TARGETED_DEVICE_FAMILY = "1,2";
				TEST_TARGET_NAME = Login;
			};
			name = Debug;
		};
		F1FD6984275F711200536406 /* Release */ = {
			isa = XCBuildConfiguration;
			buildSettings = {
				ALWAYS_EMBED_SWIFT_STANDARD_LIBRARIES = YES;
				CODE_SIGN_STYLE = Automatic;
				CURRENT_PROJECT_VERSION = 1;
				DEVELOPMENT_TEAM = S2BEC8V882;
				GENERATE_INFOPLIST_FILE = YES;
				LD_RUNPATH_SEARCH_PATHS = (
					"$(inherited)",
					"@executable_path/Frameworks",
					"@loader_path/Frameworks",
				);
				MARKETING_VERSION = 1.0;
				PRODUCT_BUNDLE_IDENTIFIER = ddg.LoginUITests;
				PRODUCT_NAME = "$(TARGET_NAME)";
				SWIFT_EMIT_LOC_STRINGS = NO;
				SWIFT_VERSION = 5.0;
				TARGETED_DEVICE_FAMILY = "1,2";
				TEST_TARGET_NAME = Login;
			};
			name = Release;
		};
/* End XCBuildConfiguration section */

/* Begin XCConfigurationList section */
		F1FD694D275F711000536406 /* Build configuration list for PBXProject "Login" */ = {
			isa = XCConfigurationList;
			buildConfigurations = (
				F1FD697A275F711200536406 /* Debug */,
				F1FD697B275F711200536406 /* Release */,
			);
			defaultConfigurationIsVisible = 0;
			defaultConfigurationName = Release;
		};
		F1FD697C275F711200536406 /* Build configuration list for PBXNativeTarget "Login" */ = {
			isa = XCConfigurationList;
			buildConfigurations = (
				F1FD697D275F711200536406 /* Debug */,
				F1FD697E275F711200536406 /* Release */,
			);
			defaultConfigurationIsVisible = 0;
			defaultConfigurationName = Release;
		};
		F1FD697F275F711200536406 /* Build configuration list for PBXNativeTarget "LoginTests" */ = {
			isa = XCConfigurationList;
			buildConfigurations = (
				F1FD6980275F711200536406 /* Debug */,
				F1FD6981275F711200536406 /* Release */,
			);
			defaultConfigurationIsVisible = 0;
			defaultConfigurationName = Release;
		};
		F1FD6982275F711200536406 /* Build configuration list for PBXNativeTarget "LoginUITests" */ = {
			isa = XCConfigurationList;
			buildConfigurations = (
				F1FD6983275F711200536406 /* Debug */,
				F1FD6984275F711200536406 /* Release */,
			);
			defaultConfigurationIsVisible = 0;
			defaultConfigurationName = Release;
		};
/* End XCConfigurationList section */

/* Begin XCRemoteSwiftPackageReference section */
		F1BB97FD27B70AA50051AE32 /* XCRemoteSwiftPackageReference "analyticPatternLibrary" */ = {
			isa = XCRemoteSwiftPackageReference;
			repositoryURL = "https://github.com/diegotubito/analyticPatternLibrary.git";
			requirement = {
				branch = main;
				kind = branch;
			};
		};
/* End XCRemoteSwiftPackageReference section */

/* Begin XCSwiftPackageProductDependency section */
		F1BB97FE27B70AA50051AE32 /* AnalyticPatternLibrary */ = {
			isa = XCSwiftPackageProductDependency;
			package = F1BB97FD27B70AA50051AE32 /* XCRemoteSwiftPackageReference "analyticPatternLibrary" */;
			productName = AnalyticPatternLibrary;
		};
/* End XCSwiftPackageProductDependency section */
	};
	rootObject = F1FD694A275F711000536406 /* Project object */;
}
